// !$*UTF8*$!
{
	archiveVersion = 1;
	classes = {
	};
	objectVersion = 55;
	objects = {

/* Begin PBXBuildFile section */
		5535CBA828F01C9C00BE133B /* PDFViewer.storyboard in Resources */ = {isa = PBXBuildFile; fileRef = 5535CBA728F01C9C00BE133B /* PDFViewer.storyboard */; };
		5548608828EEC3C700F2BD35 /* Main.storyboard in Resources */ = {isa = PBXBuildFile; fileRef = 55897DD928EE95F900740D46 /* Main.storyboard */; };
		5548608928EEC42B00F2BD35 /* LaunchScreen.storyboard in Resources */ = {isa = PBXBuildFile; fileRef = 55897DDE28EE95FB00740D46 /* LaunchScreen.storyboard */; };
		5548608A28EEC6AE00F2BD35 /* Assets.xcassets in Resources */ = {isa = PBXBuildFile; fileRef = 55897DDC28EE95FB00740D46 /* Assets.xcassets */; };
		5548608B28EEC6B700F2BD35 /* PDFTableViewCell.xib in Resources */ = {isa = PBXBuildFile; fileRef = 55897DED28EE9F2500740D46 /* PDFTableViewCell.xib */; };
		5548608E28EEDB1C00F2BD35 /* Color.swift in Sources */ = {isa = PBXBuildFile; fileRef = 5548608D28EEDB1C00F2BD35 /* Color.swift */; };
		55897DD428EE95F900740D46 /* AppDelegate.swift in Sources */ = {isa = PBXBuildFile; fileRef = 55897DD328EE95F900740D46 /* AppDelegate.swift */; };
		55897DD628EE95F900740D46 /* SceneDelegate.swift in Sources */ = {isa = PBXBuildFile; fileRef = 55897DD528EE95F900740D46 /* SceneDelegate.swift */; };
		55897DD828EE95F900740D46 /* PDFViewController.swift in Sources */ = {isa = PBXBuildFile; fileRef = 55897DD728EE95F900740D46 /* PDFViewController.swift */; };
		55897DE928EE963E00740D46 /* PDFModel.swift in Sources */ = {isa = PBXBuildFile; fileRef = 55897DE828EE963E00740D46 /* PDFModel.swift */; };
		55897DEE28EE9F2500740D46 /* PDFTableViewCell.swift in Sources */ = {isa = PBXBuildFile; fileRef = 55897DEC28EE9F2500740D46 /* PDFTableViewCell.swift */; };
		55897DF228EE9F4300740D46 /* PFViewMoel.swift in Sources */ = {isa = PBXBuildFile; fileRef = 55897DF128EE9F4300740D46 /* PFViewMoel.swift */; };
		55B476EC28EEAB0F00C7F4F7 /* Extension.swift in Sources */ = {isa = PBXBuildFile; fileRef = 55B476EB28EEAB0F00C7F4F7 /* Extension.swift */; };
		55B476EF28EEB97A00C7F4F7 /* PDFViewerController.swift in Sources */ = {isa = PBXBuildFile; fileRef = 55B476EE28EEB97A00C7F4F7 /* PDFViewerController.swift */; };
/* End PBXBuildFile section */

/* Begin PBXFileReference section */
		5535CBA728F01C9C00BE133B /* PDFViewer.storyboard */ = {isa = PBXFileReference; lastKnownFileType = file.storyboard; path = PDFViewer.storyboard; sourceTree = "<group>"; };
		5548608D28EEDB1C00F2BD35 /* Color.swift */ = {isa = PBXFileReference; lastKnownFileType = sourcecode.swift; path = Color.swift; sourceTree = "<group>"; };
		55897DD028EE95F900740D46 /* PDFReader.app */ = {isa = PBXFileReference; explicitFileType = wrapper.application; includeInIndex = 0; path = PDFReader.app; sourceTree = BUILT_PRODUCTS_DIR; };
		55897DD328EE95F900740D46 /* AppDelegate.swift */ = {isa = PBXFileReference; lastKnownFileType = sourcecode.swift; path = AppDelegate.swift; sourceTree = "<group>"; };
		55897DD528EE95F900740D46 /* SceneDelegate.swift */ = {isa = PBXFileReference; lastKnownFileType = sourcecode.swift; path = SceneDelegate.swift; sourceTree = "<group>"; };
		55897DD728EE95F900740D46 /* PDFViewController.swift */ = {isa = PBXFileReference; lastKnownFileType = sourcecode.swift; path = PDFViewController.swift; sourceTree = "<group>"; };
		55897DDA28EE95F900740D46 /* Base */ = {isa = PBXFileReference; lastKnownFileType = file.storyboard; name = Base; path = Base.lproj/Main.storyboard; sourceTree = "<group>"; };
		55897DDC28EE95FB00740D46 /* Assets.xcassets */ = {isa = PBXFileReference; lastKnownFileType = folder.assetcatalog; path = Assets.xcassets; sourceTree = "<group>"; };
		55897DDF28EE95FB00740D46 /* Base */ = {isa = PBXFileReference; lastKnownFileType = file.storyboard; name = Base; path = Base.lproj/LaunchScreen.storyboard; sourceTree = "<group>"; };
		55897DE828EE963E00740D46 /* PDFModel.swift */ = {isa = PBXFileReference; lastKnownFileType = sourcecode.swift; path = PDFModel.swift; sourceTree = "<group>"; };
		55897DEC28EE9F2500740D46 /* PDFTableViewCell.swift */ = {isa = PBXFileReference; lastKnownFileType = sourcecode.swift; path = PDFTableViewCell.swift; sourceTree = "<group>"; };
		55897DED28EE9F2500740D46 /* PDFTableViewCell.xib */ = {isa = PBXFileReference; lastKnownFileType = file.xib; path = PDFTableViewCell.xib; sourceTree = "<group>"; };
		55897DF128EE9F4300740D46 /* PFViewMoel.swift */ = {isa = PBXFileReference; lastKnownFileType = sourcecode.swift; path = PFViewMoel.swift; sourceTree = "<group>"; };
		55B476EB28EEAB0F00C7F4F7 /* Extension.swift */ = {isa = PBXFileReference; lastKnownFileType = sourcecode.swift; path = Extension.swift; sourceTree = "<group>"; };
		55B476EE28EEB97A00C7F4F7 /* PDFViewerController.swift */ = {isa = PBXFileReference; lastKnownFileType = sourcecode.swift; path = PDFViewerController.swift; sourceTree = "<group>"; };
/* End PBXFileReference section */

/* Begin PBXFrameworksBuildPhase section */
		55897DCD28EE95F900740D46 /* Frameworks */ = {
			isa = PBXFrameworksBuildPhase;
			buildActionMask = 2147483647;
			files = (
			);
			runOnlyForDeploymentPostprocessing = 0;
		};
/* End PBXFrameworksBuildPhase section */

/* Begin PBXGroup section */
		5548608C28EEDB1100F2BD35 /* Color */ = {
			isa = PBXGroup;
			children = (
				5548608D28EEDB1C00F2BD35 /* Color.swift */,
			);
			path = Color;
			sourceTree = "<group>";
		};
		55897DC728EE95F900740D46 = {
			isa = PBXGroup;
			children = (
				55897DD228EE95F900740D46 /* PDFReader */,
				55897DD128EE95F900740D46 /* Products */,
			);
			sourceTree = "<group>";
		};
		55897DD128EE95F900740D46 /* Products */ = {
			isa = PBXGroup;
			children = (
				55897DD028EE95F900740D46 /* PDFReader.app */,
			);
			name = Products;
			sourceTree = "<group>";
		};
		55897DD228EE95F900740D46 /* PDFReader */ = {
			isa = PBXGroup;
			children = (
				5548608C28EEDB1100F2BD35 /* Color */,
				55B476ED28EEB96100C7F4F7 /* ViewController */,
				55B476EA28EEAB0200C7F4F7 /* Extension */,
				55897DEA28EE9EF400740D46 /* PDFCell */,
				55897DE728EE962B00740D46 /* Model */,
				55897DD328EE95F900740D46 /* AppDelegate.swift */,
				55897DD528EE95F900740D46 /* SceneDelegate.swift */,
				55897DD928EE95F900740D46 /* Main.storyboard */,
				55897DDC28EE95FB00740D46 /* Assets.xcassets */,
				55897DDE28EE95FB00740D46 /* LaunchScreen.storyboard */,
				5535CBA728F01C9C00BE133B /* PDFViewer.storyboard */,
			);
			path = PDFReader;
			sourceTree = "<group>";
		};
		55897DE728EE962B00740D46 /* Model */ = {
			isa = PBXGroup;
			children = (
				55897DE828EE963E00740D46 /* PDFModel.swift */,
			);
			path = Model;
			sourceTree = "<group>";
		};
		55897DEA28EE9EF400740D46 /* PDFCell */ = {
			isa = PBXGroup;
			children = (
				55897DF028EE9F3300740D46 /* PDFViewModel */,
				55897DEB28EE9EFD00740D46 /* New Group */,
			);
			path = PDFCell;
			sourceTree = "<group>";
		};
		55897DEB28EE9EFD00740D46 /* New Group */ = {
			isa = PBXGroup;
			children = (
				55897DEC28EE9F2500740D46 /* PDFTableViewCell.swift */,
				55897DED28EE9F2500740D46 /* PDFTableViewCell.xib */,
			);
			path = "New Group";
			sourceTree = "<group>";
		};
		55897DF028EE9F3300740D46 /* PDFViewModel */ = {
			isa = PBXGroup;
			children = (
				55897DF128EE9F4300740D46 /* PFViewMoel.swift */,
			);
			path = PDFViewModel;
			sourceTree = "<group>";
		};
		55B476EA28EEAB0200C7F4F7 /* Extension */ = {
			isa = PBXGroup;
			children = (
				55B476EB28EEAB0F00C7F4F7 /* Extension.swift */,
			);
			path = Extension;
			sourceTree = "<group>";
		};
		55B476ED28EEB96100C7F4F7 /* ViewController */ = {
			isa = PBXGroup;
			children = (
				55897DD728EE95F900740D46 /* PDFViewController.swift */,
				55B476EE28EEB97A00C7F4F7 /* PDFViewerController.swift */,
			);
			path = ViewController;
			sourceTree = "<group>";
		};
/* End PBXGroup section */

/* Begin PBXNativeTarget section */
		55897DCF28EE95F900740D46 /* PDFReader */ = {
			isa = PBXNativeTarget;
			buildConfigurationList = 55897DE428EE95FB00740D46 /* Build configuration list for PBXNativeTarget "PDFReader" */;
			buildPhases = (
				55897DCC28EE95F900740D46 /* Sources */,
				55897DCD28EE95F900740D46 /* Frameworks */,
				5548608728EEC3BB00F2BD35 /* Resources */,
			);
			buildRules = (
			);
			dependencies = (
			);
			name = PDFReader;
			productName = PDFReader;
			productReference = 55897DD028EE95F900740D46 /* PDFReader.app */;
			productType = "com.apple.product-type.application";
		};
/* End PBXNativeTarget section */

/* Begin PBXProject section */
		55897DC828EE95F900740D46 /* Project object */ = {
			isa = PBXProject;
			attributes = {
				BuildIndependentTargetsInParallel = 1;
				LastSwiftUpdateCheck = 1320;
				LastUpgradeCheck = 1320;
				TargetAttributes = {
					55897DCF28EE95F900740D46 = {
						CreatedOnToolsVersion = 13.2.1;
					};
				};
			};
			buildConfigurationList = 55897DCB28EE95F900740D46 /* Build configuration list for PBXProject "PDFReader" */;
			compatibilityVersion = "Xcode 13.0";
			developmentRegion = en;
			hasScannedForEncodings = 0;
			knownRegions = (
				en,
				Base,
			);
			mainGroup = 55897DC728EE95F900740D46;
			productRefGroup = 55897DD128EE95F900740D46 /* Products */;
			projectDirPath = "";
			projectRoot = "";
			targets = (
				55897DCF28EE95F900740D46 /* PDFReader */,
			);
		};
/* End PBXProject section */

/* Begin PBXResourcesBuildPhase section */
		5548608728EEC3BB00F2BD35 /* Resources */ = {
			isa = PBXResourcesBuildPhase;
			buildActionMask = 2147483647;
			files = (
				5548608B28EEC6B700F2BD35 /* PDFTableViewCell.xib in Resources */,
				5548608A28EEC6AE00F2BD35 /* Assets.xcassets in Resources */,
				5548608928EEC42B00F2BD35 /* LaunchScreen.storyboard in Resources */,
				5548608828EEC3C700F2BD35 /* Main.storyboard in Resources */,
				5535CBA828F01C9C00BE133B /* PDFViewer.storyboard in Resources */,
			);
			runOnlyForDeploymentPostprocessing = 0;
		};
/* End PBXResourcesBuildPhase section */

/* Begin PBXSourcesBuildPhase section */
		55897DCC28EE95F900740D46 /* Sources */ = {
			isa = PBXSourcesBuildPhase;
			buildActionMask = 2147483647;
			files = (
				55897DEE28EE9F2500740D46 /* PDFTableViewCell.swift in Sources */,
				55897DE928EE963E00740D46 /* PDFModel.swift in Sources */,
				55B476EC28EEAB0F00C7F4F7 /* Extension.swift in Sources */,
				55B476EF28EEB97A00C7F4F7 /* PDFViewerController.swift in Sources */,
				55897DD828EE95F900740D46 /* PDFViewController.swift in Sources */,
				55897DD428EE95F900740D46 /* AppDelegate.swift in Sources */,
				55897DD628EE95F900740D46 /* SceneDelegate.swift in Sources */,
				55897DF228EE9F4300740D46 /* PFViewMoel.swift in Sources */,
				5548608E28EEDB1C00F2BD35 /* Color.swift in Sources */,
			);
			runOnlyForDeploymentPostprocessing = 0;
		};
/* End PBXSourcesBuildPhase section */

/* Begin PBXVariantGroup section */
		55897DD928EE95F900740D46 /* Main.storyboard */ = {
			isa = PBXVariantGroup;
			children = (
				55897DDA28EE95F900740D46 /* Base */,
			);
			name = Main.storyboard;
			sourceTree = "<group>";
		};
		55897DDE28EE95FB00740D46 /* LaunchScreen.storyboard */ = {
			isa = PBXVariantGroup;
			children = (
				55897DDF28EE95FB00740D46 /* Base */,
			);
			name = LaunchScreen.storyboard;
			sourceTree = "<group>";
		};
/* End PBXVariantGroup section */

/* Begin XCBuildConfiguration section */
		55897DE228EE95FB00740D46 /* Debug */ = {
			isa = XCBuildConfiguration;
			buildSettings = {
				ALWAYS_SEARCH_USER_PATHS = NO;
				CLANG_ANALYZER_NONNULL = YES;
				CLANG_ANALYZER_NUMBER_OBJECT_CONVERSION = YES_AGGRESSIVE;
				CLANG_CXX_LANGUAGE_STANDARD = "gnu++17";
				CLANG_CXX_LIBRARY = "libc++";
				CLANG_ENABLE_MODULES = YES;
				CLANG_ENABLE_OBJC_ARC = YES;
				CLANG_ENABLE_OBJC_WEAK = YES;
				CLANG_WARN_BLOCK_CAPTURE_AUTORELEASING = YES;
				CLANG_WARN_BOOL_CONVERSION = YES;
				CLANG_WARN_COMMA = YES;
				CLANG_WARN_CONSTANT_CONVERSION = YES;
				CLANG_WARN_DEPRECATED_OBJC_IMPLEMENTATIONS = YES;
				CLANG_WARN_DIRECT_OBJC_ISA_USAGE = YES_ERROR;
				CLANG_WARN_DOCUMENTATION_COMMENTS = YES;
				CLANG_WARN_EMPTY_BODY = YES;
				CLANG_WARN_ENUM_CONVERSION = YES;
				CLANG_WARN_INFINITE_RECURSION = YES;
				CLANG_WARN_INT_CONVERSION = YES;
				CLANG_WARN_NON_LITERAL_NULL_CONVERSION = YES;
				CLANG_WARN_OBJC_IMPLICIT_RETAIN_SELF = YES;
				CLANG_WARN_OBJC_LITERAL_CONVERSION = YES;
				CLANG_WARN_OBJC_ROOT_CLASS = YES_ERROR;
				CLANG_WARN_QUOTED_INCLUDE_IN_FRAMEWORK_HEADER = YES;
				CLANG_WARN_RANGE_LOOP_ANALYSIS = YES;
				CLANG_WARN_STRICT_PROTOTYPES = YES;
				CLANG_WARN_SUSPICIOUS_MOVE = YES;
				CLANG_WARN_UNGUARDED_AVAILABILITY = YES_AGGRESSIVE;
				CLANG_WARN_UNREACHABLE_CODE = YES;
				CLANG_WARN__DUPLICATE_METHOD_MATCH = YES;
				COPY_PHASE_STRIP = NO;
				DEBUG_INFORMATION_FORMAT = dwarf;
				ENABLE_STRICT_OBJC_MSGSEND = YES;
				ENABLE_TESTABILITY = YES;
				GCC_C_LANGUAGE_STANDARD = gnu11;
				GCC_DYNAMIC_NO_PIC = NO;
				GCC_NO_COMMON_BLOCKS = YES;
				GCC_OPTIMIZATION_LEVEL = 0;
				GCC_PREPROCESSOR_DEFINITIONS = (
					"DEBUG=1",
					"$(inherited)",
				);
				GCC_WARN_64_TO_32_BIT_CONVERSION = YES;
				GCC_WARN_ABOUT_RETURN_TYPE = YES_ERROR;
				GCC_WARN_UNDECLARED_SELECTOR = YES;
				GCC_WARN_UNINITIALIZED_AUTOS = YES_AGGRESSIVE;
				GCC_WARN_UNUSED_FUNCTION = YES;
				GCC_WARN_UNUSED_VARIABLE = YES;
				IPHONEOS_DEPLOYMENT_TARGET = 15.2;
				MTL_ENABLE_DEBUG_INFO = INCLUDE_SOURCE;
				MTL_FAST_MATH = YES;
				ONLY_ACTIVE_ARCH = YES;
				SDKROOT = iphoneos;
				SWIFT_ACTIVE_COMPILATION_CONDITIONS = DEBUG;
				SWIFT_OPTIMIZATION_LEVEL = "-Onone";
			};
			name = Debug;
		};
		55897DE328EE95FB00740D46 /* Release */ = {
			isa = XCBuildConfiguration;
			buildSettings = {
				ALWAYS_SEARCH_USER_PATHS = NO;
				CLANG_ANALYZER_NONNULL = YES;
				CLANG_ANALYZER_NUMBER_OBJECT_CONVERSION = YES_AGGRESSIVE;
				CLANG_CXX_LANGUAGE_STANDARD = "gnu++17";
				CLANG_CXX_LIBRARY = "libc++";
				CLANG_ENABLE_MODULES = YES;
				CLANG_ENABLE_OBJC_ARC = YES;
				CLANG_ENABLE_OBJC_WEAK = YES;
				CLANG_WARN_BLOCK_CAPTURE_AUTORELEASING = YES;
				CLANG_WARN_BOOL_CONVERSION = YES;
				CLANG_WARN_COMMA = YES;
				CLANG_WARN_CONSTANT_CONVERSION = YES;
				CLANG_WARN_DEPRECATED_OBJC_IMPLEMENTATIONS = YES;
				CLANG_WARN_DIRECT_OBJC_ISA_USAGE = YES_ERROR;
				CLANG_WARN_DOCUMENTATION_COMMENTS = YES;
				CLANG_WARN_EMPTY_BODY = YES;
				CLANG_WARN_ENUM_CONVERSION = YES;
				CLANG_WARN_INFINITE_RECURSION = YES;
				CLANG_WARN_INT_CONVERSION = YES;
				CLANG_WARN_NON_LITERAL_NULL_CONVERSION = YES;
				CLANG_WARN_OBJC_IMPLICIT_RETAIN_SELF = YES;
				CLANG_WARN_OBJC_LITERAL_CONVERSION = YES;
				CLANG_WARN_OBJC_ROOT_CLASS = YES_ERROR;
				CLANG_WARN_QUOTED_INCLUDE_IN_FRAMEWORK_HEADER = YES;
				CLANG_WARN_RANGE_LOOP_ANALYSIS = YES;
				CLANG_WARN_STRICT_PROTOTYPES = YES;
				CLANG_WARN_SUSPICIOUS_MOVE = YES;
				CLANG_WARN_UNGUARDED_AVAILABILITY = YES_AGGRESSIVE;
				CLANG_WARN_UNREACHABLE_CODE = YES;
				CLANG_WARN__DUPLICATE_METHOD_MATCH = YES;
				COPY_PHASE_STRIP = NO;
				DEBUG_INFORMATION_FORMAT = "dwarf-with-dsym";
				ENABLE_NS_ASSERTIONS = NO;
				ENABLE_STRICT_OBJC_MSGSEND = YES;
				GCC_C_LANGUAGE_STANDARD = gnu11;
				GCC_NO_COMMON_BLOCKS = YES;
				GCC_WARN_64_TO_32_BIT_CONVERSION = YES;
				GCC_WARN_ABOUT_RETURN_TYPE = YES_ERROR;
				GCC_WARN_UNDECLARED_SELECTOR = YES;
				GCC_WARN_UNINITIALIZED_AUTOS = YES_AGGRESSIVE;
				GCC_WARN_UNUSED_FUNCTION = YES;
				GCC_WARN_UNUSED_VARIABLE = YES;
				IPHONEOS_DEPLOYMENT_TARGET = 15.2;
				MTL_ENABLE_DEBUG_INFO = NO;
				MTL_FAST_MATH = YES;
				SDKROOT = iphoneos;
				SWIFT_COMPILATION_MODE = wholemodule;
				SWIFT_OPTIMIZATION_LEVEL = "-O";
				VALIDATE_PRODUCT = YES;
			};
			name = Release;
		};
		55897DE528EE95FB00740D46 /* Debug */ = {
			isa = XCBuildConfiguration;
			buildSettings = {
				ASSETCATALOG_COMPILER_APPICON_NAME = AppIcon;
				ASSETCATALOG_COMPILER_GLOBAL_ACCENT_COLOR_NAME = AccentColor;
				CODE_SIGN_STYLE = Automatic;
				CURRENT_PROJECT_VERSION = 1;
				DEVELOPMENT_TEAM = 33ZGL3A862;
				GENERATE_INFOPLIST_FILE = YES;
				INFOPLIST_FILE = PDFReader/Info.plist;
				INFOPLIST_KEY_UIApplicationSupportsIndirectInputEvents = YES;
				INFOPLIST_KEY_UILaunchStoryboardName = LaunchScreen;
				INFOPLIST_KEY_UIMainStoryboardFile = Main;
				INFOPLIST_KEY_UISupportedInterfaceOrientations_iPad = "UIInterfaceOrientationPortrait UIInterfaceOrientationPortraitUpsideDown UIInterfaceOrientationLandscapeLeft UIInterfaceOrientationLandscapeRight";
				INFOPLIST_KEY_UISupportedInterfaceOrientations_iPhone = "UIInterfaceOrientationPortrait UIInterfaceOrientationLandscapeLeft UIInterfaceOrientationLandscapeRight";
				LD_RUNPATH_SEARCH_PATHS = (
					"$(inherited)",
					"@executable_path/Frameworks",
				);
				MARKETING_VERSION = 1.0;
				PRODUCT_BUNDLE_IDENTIFIER = com.perennialsys.PDFReader;
				PRODUCT_NAME = "$(TARGET_NAME)";
				SWIFT_EMIT_LOC_STRINGS = YES;
				SWIFT_VERSION = 5.0;
				TARGETED_DEVICE_FAMILY = 1;
			};
			name = Debug;
		};
		55897DE628EE95FB00740D46 /* Release */ = {
			isa = XCBuildConfiguration;
			buildSettings = {
				ASSETCATALOG_COMPILER_APPICON_NAME = AppIcon;
				ASSETCATALOG_COMPILER_GLOBAL_ACCENT_COLOR_NAME = AccentColor;
				CODE_SIGN_STYLE = Automatic;
				CURRENT_PROJECT_VERSION = 1;
				DEVELOPMENT_TEAM = 33ZGL3A862;
				GENERATE_INFOPLIST_FILE = YES;
				INFOPLIST_FILE = PDFReader/Info.plist;
				INFOPLIST_KEY_UIApplicationSupportsIndirectInputEvents = YES;
				INFOPLIST_KEY_UILaunchStoryboardName = LaunchScreen;
				INFOPLIST_KEY_UIMainStoryboardFile = Main;
				INFOPLIST_KEY_UISupportedInterfaceOrientations_iPad = "UIInterfaceOrientationPortrait UIInterfaceOrientationPortraitUpsideDown UIInterfaceOrientationLandscapeLeft UIInterfaceOrientationLandscapeRight";
				INFOPLIST_KEY_UISupportedInterfaceOrientations_iPhone = "UIInterfaceOrientationPortrait UIInterfaceOrientationLandscapeLeft UIInterfaceOrientationLandscapeRight";
				LD_RUNPATH_SEARCH_PATHS = (
					"$(inherited)",
					"@executable_path/Frameworks",
				);
				MARKETING_VERSION = 1.0;
				PRODUCT_BUNDLE_IDENTIFIER = com.perennialsys.PDFReader;
				PRODUCT_NAME = "$(TARGET_NAME)";
				SWIFT_EMIT_LOC_STRINGS = YES;
				SWIFT_VERSION = 5.0;
				TARGETED_DEVICE_FAMILY = 1;
			};
			name = Release;
		};
/* End XCBuildConfiguration section */

/* Begin XCConfigurationList section */
		55897DCB28EE95F900740D46 /* Build configuration list for PBXProject "PDFReader" */ = {
			isa = XCConfigurationList;
			buildConfigurations = (
				55897DE228EE95FB00740D46 /* Debug */,
				55897DE328EE95FB00740D46 /* Release */,
			);
			defaultConfigurationIsVisible = 0;
			defaultConfigurationName = Release;
		};
		55897DE428EE95FB00740D46 /* Build configuration list for PBXNativeTarget "PDFReader" */ = {
			isa = XCConfigurationList;
			buildConfigurations = (
				55897DE528EE95FB00740D46 /* Debug */,
				55897DE628EE95FB00740D46 /* Release */,
			);
			defaultConfigurationIsVisible = 0;
			defaultConfigurationName = Release;
		};
/* End XCConfigurationList section */
	};
	rootObject = 55897DC828EE95F900740D46 /* Project object */;
}
